// !$*UTF8*$!
{
	archiveVersion = 1;
	classes = {
	};
	objectVersion = 56;
	objects = {

/* Begin PBXBuildFile section */
		D6E26EBA2B11037C0095DEEA /* Celebrus_AssessmentApp.swift in Sources */ = {isa = PBXBuildFile; fileRef = D6E26EB92B11037C0095DEEA /* Celebrus_AssessmentApp.swift */; };
		D6E26EBC2B11037C0095DEEA /* ContentView.swift in Sources */ = {isa = PBXBuildFile; fileRef = D6E26EBB2B11037C0095DEEA /* ContentView.swift */; };
		D6E26EBE2B11037D0095DEEA /* Assets.xcassets in Resources */ = {isa = PBXBuildFile; fileRef = D6E26EBD2B11037D0095DEEA /* Assets.xcassets */; };
		D6E26EC12B11037D0095DEEA /* Preview Assets.xcassets in Resources */ = {isa = PBXBuildFile; fileRef = D6E26EC02B11037D0095DEEA /* Preview Assets.xcassets */; };
		D6E26ECB2B11037D0095DEEA /* Celebrus_AssessmentTests.swift in Sources */ = {isa = PBXBuildFile; fileRef = D6E26ECA2B11037D0095DEEA /* Celebrus_AssessmentTests.swift */; };
		D6E26ED52B11037D0095DEEA /* Celebrus_AssessmentUITests.swift in Sources */ = {isa = PBXBuildFile; fileRef = D6E26ED42B11037D0095DEEA /* Celebrus_AssessmentUITests.swift */; };
		D6E26ED72B11037D0095DEEA /* Celebrus_AssessmentUITestsLaunchTests.swift in Sources */ = {isa = PBXBuildFile; fileRef = D6E26ED62B11037D0095DEEA /* Celebrus_AssessmentUITestsLaunchTests.swift */; };
		D6E26EE72B1266950095DEEA /* ArticleModel.swift in Sources */ = {isa = PBXBuildFile; fileRef = D6E26EE62B1266950095DEEA /* ArticleModel.swift */; };
		D6E26EEB2B12683A0095DEEA /* NetworkingError.swift in Sources */ = {isa = PBXBuildFile; fileRef = D6E26EEA2B12683A0095DEEA /* NetworkingError.swift */; };
		D6E26EED2B1268750095DEEA /* Networkable.swift in Sources */ = {isa = PBXBuildFile; fileRef = D6E26EEC2B1268750095DEEA /* Networkable.swift */; };
		D6E26EEF2B1268B20095DEEA /* NetworkManager.swift in Sources */ = {isa = PBXBuildFile; fileRef = D6E26EEE2B1268B20095DEEA /* NetworkManager.swift */; };
		D6E26EF12B12692C0095DEEA /* Endpoints.swift in Sources */ = {isa = PBXBuildFile; fileRef = D6E26EF02B12692C0095DEEA /* Endpoints.swift */; };
		D6E26EF32B126A930095DEEA /* ArticleListViewModel.swift in Sources */ = {isa = PBXBuildFile; fileRef = D6E26EF22B126A930095DEEA /* ArticleListViewModel.swift */; };
/* End PBXBuildFile section */

/* Begin PBXContainerItemProxy section */
		D6E26EC72B11037D0095DEEA /* PBXContainerItemProxy */ = {
			isa = PBXContainerItemProxy;
			containerPortal = D6E26EAE2B11037C0095DEEA /* Project object */;
			proxyType = 1;
			remoteGlobalIDString = D6E26EB52B11037C0095DEEA;
			remoteInfo = Celebrus_Assessment;
		};
		D6E26ED12B11037D0095DEEA /* PBXContainerItemProxy */ = {
			isa = PBXContainerItemProxy;
			containerPortal = D6E26EAE2B11037C0095DEEA /* Project object */;
			proxyType = 1;
			remoteGlobalIDString = D6E26EB52B11037C0095DEEA;
			remoteInfo = Celebrus_Assessment;
		};
/* End PBXContainerItemProxy section */

/* Begin PBXFileReference section */
		D6E26EB62B11037C0095DEEA /* Celebrus_Assessment.app */ = {isa = PBXFileReference; explicitFileType = wrapper.application; includeInIndex = 0; path = Celebrus_Assessment.app; sourceTree = BUILT_PRODUCTS_DIR; };
		D6E26EB92B11037C0095DEEA /* Celebrus_AssessmentApp.swift */ = {isa = PBXFileReference; lastKnownFileType = sourcecode.swift; path = Celebrus_AssessmentApp.swift; sourceTree = "<group>"; };
		D6E26EBB2B11037C0095DEEA /* ContentView.swift */ = {isa = PBXFileReference; lastKnownFileType = sourcecode.swift; path = ContentView.swift; sourceTree = "<group>"; };
		D6E26EBD2B11037D0095DEEA /* Assets.xcassets */ = {isa = PBXFileReference; lastKnownFileType = folder.assetcatalog; path = Assets.xcassets; sourceTree = "<group>"; };
		D6E26EC02B11037D0095DEEA /* Preview Assets.xcassets */ = {isa = PBXFileReference; lastKnownFileType = folder.assetcatalog; path = "Preview Assets.xcassets"; sourceTree = "<group>"; };
		D6E26EC62B11037D0095DEEA /* Celebrus_AssessmentTests.xctest */ = {isa = PBXFileReference; explicitFileType = wrapper.cfbundle; includeInIndex = 0; path = Celebrus_AssessmentTests.xctest; sourceTree = BUILT_PRODUCTS_DIR; };
		D6E26ECA2B11037D0095DEEA /* Celebrus_AssessmentTests.swift */ = {isa = PBXFileReference; lastKnownFileType = sourcecode.swift; path = Celebrus_AssessmentTests.swift; sourceTree = "<group>"; };
		D6E26ED02B11037D0095DEEA /* Celebrus_AssessmentUITests.xctest */ = {isa = PBXFileReference; explicitFileType = wrapper.cfbundle; includeInIndex = 0; path = Celebrus_AssessmentUITests.xctest; sourceTree = BUILT_PRODUCTS_DIR; };
		D6E26ED42B11037D0095DEEA /* Celebrus_AssessmentUITests.swift */ = {isa = PBXFileReference; lastKnownFileType = sourcecode.swift; path = Celebrus_AssessmentUITests.swift; sourceTree = "<group>"; };
		D6E26ED62B11037D0095DEEA /* Celebrus_AssessmentUITestsLaunchTests.swift */ = {isa = PBXFileReference; lastKnownFileType = sourcecode.swift; path = Celebrus_AssessmentUITestsLaunchTests.swift; sourceTree = "<group>"; };
		D6E26EE62B1266950095DEEA /* ArticleModel.swift */ = {isa = PBXFileReference; lastKnownFileType = sourcecode.swift; path = ArticleModel.swift; sourceTree = "<group>"; };
		D6E26EEA2B12683A0095DEEA /* NetworkingError.swift */ = {isa = PBXFileReference; lastKnownFileType = sourcecode.swift; path = NetworkingError.swift; sourceTree = "<group>"; };
		D6E26EEC2B1268750095DEEA /* Networkable.swift */ = {isa = PBXFileReference; lastKnownFileType = sourcecode.swift; path = Networkable.swift; sourceTree = "<group>"; };
		D6E26EEE2B1268B20095DEEA /* NetworkManager.swift */ = {isa = PBXFileReference; lastKnownFileType = sourcecode.swift; path = NetworkManager.swift; sourceTree = "<group>"; };
		D6E26EF02B12692C0095DEEA /* Endpoints.swift */ = {isa = PBXFileReference; lastKnownFileType = sourcecode.swift; path = Endpoints.swift; sourceTree = "<group>"; };
		D6E26EF22B126A930095DEEA /* ArticleListViewModel.swift */ = {isa = PBXFileReference; lastKnownFileType = sourcecode.swift; path = ArticleListViewModel.swift; sourceTree = "<group>"; };
/* End PBXFileReference section */

/* Begin PBXFrameworksBuildPhase section */
		D6E26EB32B11037C0095DEEA /* Frameworks */ = {
			isa = PBXFrameworksBuildPhase;
			buildActionMask = 2147483647;
			files = (
			);
			runOnlyForDeploymentPostprocessing = 0;
		};
		D6E26EC32B11037D0095DEEA /* Frameworks */ = {
			isa = PBXFrameworksBuildPhase;
			buildActionMask = 2147483647;
			files = (
			);
			runOnlyForDeploymentPostprocessing = 0;
		};
		D6E26ECD2B11037D0095DEEA /* Frameworks */ = {
			isa = PBXFrameworksBuildPhase;
			buildActionMask = 2147483647;
			files = (
			);
			runOnlyForDeploymentPostprocessing = 0;
		};
/* End PBXFrameworksBuildPhase section */

/* Begin PBXGroup section */
		D6E26EAD2B11037C0095DEEA = {
			isa = PBXGroup;
			children = (
				D6E26EB82B11037C0095DEEA /* Celebrus_Assessment */,
				D6E26EC92B11037D0095DEEA /* Celebrus_AssessmentTests */,
				D6E26ED32B11037D0095DEEA /* Celebrus_AssessmentUITests */,
				D6E26EB72B11037C0095DEEA /* Products */,
			);
			sourceTree = "<group>";
		};
		D6E26EB72B11037C0095DEEA /* Products */ = {
			isa = PBXGroup;
			children = (
				D6E26EB62B11037C0095DEEA /* Celebrus_Assessment.app */,
				D6E26EC62B11037D0095DEEA /* Celebrus_AssessmentTests.xctest */,
				D6E26ED02B11037D0095DEEA /* Celebrus_AssessmentUITests.xctest */,
			);
			name = Products;
			sourceTree = "<group>";
		};
		D6E26EB82B11037C0095DEEA /* Celebrus_Assessment */ = {
			isa = PBXGroup;
			children = (
				D6E26EE92B1268260095DEEA /* Services */,
				D6E26EE82B12681A0095DEEA /* Utilities */,
				D6E26EE32B11058D0095DEEA /* Model */,
				D6E26EE42B1105920095DEEA /* View */,
				D6E26EE52B11059D0095DEEA /* View Model */,
				D6E26EB92B11037C0095DEEA /* Celebrus_AssessmentApp.swift */,
				D6E26EBB2B11037C0095DEEA /* ContentView.swift */,
				D6E26EBD2B11037D0095DEEA /* Assets.xcassets */,
				D6E26EBF2B11037D0095DEEA /* Preview Content */,
			);
			path = Celebrus_Assessment;
			sourceTree = "<group>";
		};
		D6E26EBF2B11037D0095DEEA /* Preview Content */ = {
			isa = PBXGroup;
			children = (
				D6E26EC02B11037D0095DEEA /* Preview Assets.xcassets */,
			);
			path = "Preview Content";
			sourceTree = "<group>";
		};
		D6E26EC92B11037D0095DEEA /* Celebrus_AssessmentTests */ = {
			isa = PBXGroup;
			children = (
				D6E26ECA2B11037D0095DEEA /* Celebrus_AssessmentTests.swift */,
			);
			path = Celebrus_AssessmentTests;
			sourceTree = "<group>";
		};
		D6E26ED32B11037D0095DEEA /* Celebrus_AssessmentUITests */ = {
			isa = PBXGroup;
			children = (
				D6E26ED42B11037D0095DEEA /* Celebrus_AssessmentUITests.swift */,
				D6E26ED62B11037D0095DEEA /* Celebrus_AssessmentUITestsLaunchTests.swift */,
			);
			path = Celebrus_AssessmentUITests;
			sourceTree = "<group>";
		};
		D6E26EE32B11058D0095DEEA /* Model */ = {
			isa = PBXGroup;
			children = (
				D6E26EE62B1266950095DEEA /* ArticleModel.swift */,
			);
			path = Model;
			sourceTree = "<group>";
		};
		D6E26EE42B1105920095DEEA /* View */ = {
			isa = PBXGroup;
			children = (
			);
			path = View;
			sourceTree = "<group>";
		};
		D6E26EE52B11059D0095DEEA /* View Model */ = {
			isa = PBXGroup;
			children = (
				D6E26EF22B126A930095DEEA /* ArticleListViewModel.swift */,
			);
			path = "View Model";
			sourceTree = "<group>";
		};
		D6E26EE82B12681A0095DEEA /* Utilities */ = {
			isa = PBXGroup;
			children = (
				D6E26EF02B12692C0095DEEA /* Endpoints.swift */,
			);
			path = Utilities;
			sourceTree = "<group>";
		};
		D6E26EE92B1268260095DEEA /* Services */ = {
			isa = PBXGroup;
			children = (
				D6E26EEA2B12683A0095DEEA /* NetworkingError.swift */,
				D6E26EEC2B1268750095DEEA /* Networkable.swift */,
				D6E26EEE2B1268B20095DEEA /* NetworkManager.swift */,
			);
			path = Services;
			sourceTree = "<group>";
		};
/* End PBXGroup section */

/* Begin PBXNativeTarget section */
		D6E26EB52B11037C0095DEEA /* Celebrus_Assessment */ = {
			isa = PBXNativeTarget;
			buildConfigurationList = D6E26EDA2B11037D0095DEEA /* Build configuration list for PBXNativeTarget "Celebrus_Assessment" */;
			buildPhases = (
				D6E26EB22B11037C0095DEEA /* Sources */,
				D6E26EB32B11037C0095DEEA /* Frameworks */,
				D6E26EB42B11037C0095DEEA /* Resources */,
			);
			buildRules = (
			);
			dependencies = (
			);
			name = Celebrus_Assessment;
			productName = Celebrus_Assessment;
			productReference = D6E26EB62B11037C0095DEEA /* Celebrus_Assessment.app */;
			productType = "com.apple.product-type.application";
		};
		D6E26EC52B11037D0095DEEA /* Celebrus_AssessmentTests */ = {
			isa = PBXNativeTarget;
			buildConfigurationList = D6E26EDD2B11037D0095DEEA /* Build configuration list for PBXNativeTarget "Celebrus_AssessmentTests" */;
			buildPhases = (
				D6E26EC22B11037D0095DEEA /* Sources */,
				D6E26EC32B11037D0095DEEA /* Frameworks */,
				D6E26EC42B11037D0095DEEA /* Resources */,
			);
			buildRules = (
			);
			dependencies = (
				D6E26EC82B11037D0095DEEA /* PBXTargetDependency */,
			);
			name = Celebrus_AssessmentTests;
			productName = Celebrus_AssessmentTests;
			productReference = D6E26EC62B11037D0095DEEA /* Celebrus_AssessmentTests.xctest */;
			productType = "com.apple.product-type.bundle.unit-test";
		};
		D6E26ECF2B11037D0095DEEA /* Celebrus_AssessmentUITests */ = {
			isa = PBXNativeTarget;
			buildConfigurationList = D6E26EE02B11037D0095DEEA /* Build configuration list for PBXNativeTarget "Celebrus_AssessmentUITests" */;
			buildPhases = (
				D6E26ECC2B11037D0095DEEA /* Sources */,
				D6E26ECD2B11037D0095DEEA /* Frameworks */,
				D6E26ECE2B11037D0095DEEA /* Resources */,
			);
			buildRules = (
			);
			dependencies = (
				D6E26ED22B11037D0095DEEA /* PBXTargetDependency */,
			);
			name = Celebrus_AssessmentUITests;
			productName = Celebrus_AssessmentUITests;
			productReference = D6E26ED02B11037D0095DEEA /* Celebrus_AssessmentUITests.xctest */;
			productType = "com.apple.product-type.bundle.ui-testing";
		};
/* End PBXNativeTarget section */

/* Begin PBXProject section */
		D6E26EAE2B11037C0095DEEA /* Project object */ = {
			isa = PBXProject;
			attributes = {
				BuildIndependentTargetsInParallel = 1;
				LastSwiftUpdateCheck = 1500;
				LastUpgradeCheck = 1500;
				TargetAttributes = {
					D6E26EB52B11037C0095DEEA = {
						CreatedOnToolsVersion = 15.0.1;
					};
					D6E26EC52B11037D0095DEEA = {
						CreatedOnToolsVersion = 15.0.1;
						TestTargetID = D6E26EB52B11037C0095DEEA;
					};
					D6E26ECF2B11037D0095DEEA = {
						CreatedOnToolsVersion = 15.0.1;
						TestTargetID = D6E26EB52B11037C0095DEEA;
					};
				};
			};
			buildConfigurationList = D6E26EB12B11037C0095DEEA /* Build configuration list for PBXProject "Celebrus_Assessment" */;
			compatibilityVersion = "Xcode 14.0";
			developmentRegion = en;
			hasScannedForEncodings = 0;
			knownRegions = (
				en,
				Base,
			);
			mainGroup = D6E26EAD2B11037C0095DEEA;
			productRefGroup = D6E26EB72B11037C0095DEEA /* Products */;
			projectDirPath = "";
			projectRoot = "";
			targets = (
				D6E26EB52B11037C0095DEEA /* Celebrus_Assessment */,
				D6E26EC52B11037D0095DEEA /* Celebrus_AssessmentTests */,
				D6E26ECF2B11037D0095DEEA /* Celebrus_AssessmentUITests */,
			);
		};
/* End PBXProject section */

/* Begin PBXResourcesBuildPhase section */
		D6E26EB42B11037C0095DEEA /* Resources */ = {
			isa = PBXResourcesBuildPhase;
			buildActionMask = 2147483647;
			files = (
				D6E26EC12B11037D0095DEEA /* Preview Assets.xcassets in Resources */,
				D6E26EBE2B11037D0095DEEA /* Assets.xcassets in Resources */,
			);
			runOnlyForDeploymentPostprocessing = 0;
		};
		D6E26EC42B11037D0095DEEA /* Resources */ = {
			isa = PBXResourcesBuildPhase;
			buildActionMask = 2147483647;
			files = (
			);
			runOnlyForDeploymentPostprocessing = 0;
		};
		D6E26ECE2B11037D0095DEEA /* Resources */ = {
			isa = PBXResourcesBuildPhase;
			buildActionMask = 2147483647;
			files = (
			);
			runOnlyForDeploymentPostprocessing = 0;
		};
/* End PBXResourcesBuildPhase section */

/* Begin PBXSourcesBuildPhase section */
		D6E26EB22B11037C0095DEEA /* Sources */ = {
			isa = PBXSourcesBuildPhase;
			buildActionMask = 2147483647;
			files = (
				D6E26EEF2B1268B20095DEEA /* NetworkManager.swift in Sources */,
				D6E26EF32B126A930095DEEA /* ArticleListViewModel.swift in Sources */,
				D6E26EBC2B11037C0095DEEA /* ContentView.swift in Sources */,
				D6E26EE72B1266950095DEEA /* ArticleModel.swift in Sources */,
				D6E26EF12B12692C0095DEEA /* Endpoints.swift in Sources */,
				D6E26EEB2B12683A0095DEEA /* NetworkingError.swift in Sources */,
				D6E26EED2B1268750095DEEA /* Networkable.swift in Sources */,
				D6E26EBA2B11037C0095DEEA /* Celebrus_AssessmentApp.swift in Sources */,
			);
			runOnlyForDeploymentPostprocessing = 0;
		};
		D6E26EC22B11037D0095DEEA /* Sources */ = {
			isa = PBXSourcesBuildPhase;
			buildActionMask = 2147483647;
			files = (
				D6E26ECB2B11037D0095DEEA /* Celebrus_AssessmentTests.swift in Sources */,
			);
			runOnlyForDeploymentPostprocessing = 0;
		};
		D6E26ECC2B11037D0095DEEA /* Sources */ = {
			isa = PBXSourcesBuildPhase;
			buildActionMask = 2147483647;
			files = (
				D6E26ED52B11037D0095DEEA /* Celebrus_AssessmentUITests.swift in Sources */,
				D6E26ED72B11037D0095DEEA /* Celebrus_AssessmentUITestsLaunchTests.swift in Sources */,
			);
			runOnlyForDeploymentPostprocessing = 0;
		};
/* End PBXSourcesBuildPhase section */

/* Begin PBXTargetDependency section */
		D6E26EC82B11037D0095DEEA /* PBXTargetDependency */ = {
			isa = PBXTargetDependency;
			target = D6E26EB52B11037C0095DEEA /* Celebrus_Assessment */;
			targetProxy = D6E26EC72B11037D0095DEEA /* PBXContainerItemProxy */;
		};
		D6E26ED22B11037D0095DEEA /* PBXTargetDependency */ = {
			isa = PBXTargetDependency;
			target = D6E26EB52B11037C0095DEEA /* Celebrus_Assessment */;
			targetProxy = D6E26ED12B11037D0095DEEA /* PBXContainerItemProxy */;
		};
/* End PBXTargetDependency section */

/* Begin XCBuildConfiguration section */
		D6E26ED82B11037D0095DEEA /* Debug */ = {
			isa = XCBuildConfiguration;
			buildSettings = {
				ALWAYS_SEARCH_USER_PATHS = NO;
				ASSETCATALOG_COMPILER_GENERATE_SWIFT_ASSET_SYMBOL_EXTENSIONS = YES;
				CLANG_ANALYZER_NONNULL = YES;
				CLANG_ANALYZER_NUMBER_OBJECT_CONVERSION = YES_AGGRESSIVE;
				CLANG_CXX_LANGUAGE_STANDARD = "gnu++20";
				CLANG_ENABLE_MODULES = YES;
				CLANG_ENABLE_OBJC_ARC = YES;
				CLANG_ENABLE_OBJC_WEAK = YES;
				CLANG_WARN_BLOCK_CAPTURE_AUTORELEASING = YES;
				CLANG_WARN_BOOL_CONVERSION = YES;
				CLANG_WARN_COMMA = YES;
				CLANG_WARN_CONSTANT_CONVERSION = YES;
				CLANG_WARN_DEPRECATED_OBJC_IMPLEMENTATIONS = YES;
				CLANG_WARN_DIRECT_OBJC_ISA_USAGE = YES_ERROR;
				CLANG_WARN_DOCUMENTATION_COMMENTS = YES;
				CLANG_WARN_EMPTY_BODY = YES;
				CLANG_WARN_ENUM_CONVERSION = YES;
				CLANG_WARN_INFINITE_RECURSION = YES;
				CLANG_WARN_INT_CONVERSION = YES;
				CLANG_WARN_NON_LITERAL_NULL_CONVERSION = YES;
				CLANG_WARN_OBJC_IMPLICIT_RETAIN_SELF = YES;
				CLANG_WARN_OBJC_LITERAL_CONVERSION = YES;
				CLANG_WARN_OBJC_ROOT_CLASS = YES_ERROR;
				CLANG_WARN_QUOTED_INCLUDE_IN_FRAMEWORK_HEADER = YES;
				CLANG_WARN_RANGE_LOOP_ANALYSIS = YES;
				CLANG_WARN_STRICT_PROTOTYPES = YES;
				CLANG_WARN_SUSPICIOUS_MOVE = YES;
				CLANG_WARN_UNGUARDED_AVAILABILITY = YES_AGGRESSIVE;
				CLANG_WARN_UNREACHABLE_CODE = YES;
				CLANG_WARN__DUPLICATE_METHOD_MATCH = YES;
				COPY_PHASE_STRIP = NO;
				DEBUG_INFORMATION_FORMAT = dwarf;
				ENABLE_STRICT_OBJC_MSGSEND = YES;
				ENABLE_TESTABILITY = YES;
				ENABLE_USER_SCRIPT_SANDBOXING = YES;
				GCC_C_LANGUAGE_STANDARD = gnu17;
				GCC_DYNAMIC_NO_PIC = NO;
				GCC_NO_COMMON_BLOCKS = YES;
				GCC_OPTIMIZATION_LEVEL = 0;
				GCC_PREPROCESSOR_DEFINITIONS = (
					"DEBUG=1",
					"$(inherited)",
				);
				GCC_WARN_64_TO_32_BIT_CONVERSION = YES;
				GCC_WARN_ABOUT_RETURN_TYPE = YES_ERROR;
				GCC_WARN_UNDECLARED_SELECTOR = YES;
				GCC_WARN_UNINITIALIZED_AUTOS = YES_AGGRESSIVE;
				GCC_WARN_UNUSED_FUNCTION = YES;
				GCC_WARN_UNUSED_VARIABLE = YES;
				IPHONEOS_DEPLOYMENT_TARGET = 17.0;
				LOCALIZATION_PREFERS_STRING_CATALOGS = YES;
				MTL_ENABLE_DEBUG_INFO = INCLUDE_SOURCE;
				MTL_FAST_MATH = YES;
				ONLY_ACTIVE_ARCH = YES;
				SDKROOT = iphoneos;
				SWIFT_ACTIVE_COMPILATION_CONDITIONS = "DEBUG $(inherited)";
				SWIFT_OPTIMIZATION_LEVEL = "-Onone";
			};
			name = Debug;
		};
		D6E26ED92B11037D0095DEEA /* Release */ = {
			isa = XCBuildConfiguration;
			buildSettings = {
				ALWAYS_SEARCH_USER_PATHS = NO;
				ASSETCATALOG_COMPILER_GENERATE_SWIFT_ASSET_SYMBOL_EXTENSIONS = YES;
				CLANG_ANALYZER_NONNULL = YES;
				CLANG_ANALYZER_NUMBER_OBJECT_CONVERSION = YES_AGGRESSIVE;
				CLANG_CXX_LANGUAGE_STANDARD = "gnu++20";
				CLANG_ENABLE_MODULES = YES;
				CLANG_ENABLE_OBJC_ARC = YES;
				CLANG_ENABLE_OBJC_WEAK = YES;
				CLANG_WARN_BLOCK_CAPTURE_AUTORELEASING = YES;
				CLANG_WARN_BOOL_CONVERSION = YES;
				CLANG_WARN_COMMA = YES;
				CLANG_WARN_CONSTANT_CONVERSION = YES;
				CLANG_WARN_DEPRECATED_OBJC_IMPLEMENTATIONS = YES;
				CLANG_WARN_DIRECT_OBJC_ISA_USAGE = YES_ERROR;
				CLANG_WARN_DOCUMENTATION_COMMENTS = YES;
				CLANG_WARN_EMPTY_BODY = YES;
				CLANG_WARN_ENUM_CONVERSION = YES;
				CLANG_WARN_INFINITE_RECURSION = YES;
				CLANG_WARN_INT_CONVERSION = YES;
				CLANG_WARN_NON_LITERAL_NULL_CONVERSION = YES;
				CLANG_WARN_OBJC_IMPLICIT_RETAIN_SELF = YES;
				CLANG_WARN_OBJC_LITERAL_CONVERSION = YES;
				CLANG_WARN_OBJC_ROOT_CLASS = YES_ERROR;
				CLANG_WARN_QUOTED_INCLUDE_IN_FRAMEWORK_HEADER = YES;
				CLANG_WARN_RANGE_LOOP_ANALYSIS = YES;
				CLANG_WARN_STRICT_PROTOTYPES = YES;
				CLANG_WARN_SUSPICIOUS_MOVE = YES;
				CLANG_WARN_UNGUARDED_AVAILABILITY = YES_AGGRESSIVE;
				CLANG_WARN_UNREACHABLE_CODE = YES;
				CLANG_WARN__DUPLICATE_METHOD_MATCH = YES;
				COPY_PHASE_STRIP = NO;
				DEBUG_INFORMATION_FORMAT = "dwarf-with-dsym";
				ENABLE_NS_ASSERTIONS = NO;
				ENABLE_STRICT_OBJC_MSGSEND = YES;
				ENABLE_USER_SCRIPT_SANDBOXING = YES;
				GCC_C_LANGUAGE_STANDARD = gnu17;
				GCC_NO_COMMON_BLOCKS = YES;
				GCC_WARN_64_TO_32_BIT_CONVERSION = YES;
				GCC_WARN_ABOUT_RETURN_TYPE = YES_ERROR;
				GCC_WARN_UNDECLARED_SELECTOR = YES;
				GCC_WARN_UNINITIALIZED_AUTOS = YES_AGGRESSIVE;
				GCC_WARN_UNUSED_FUNCTION = YES;
				GCC_WARN_UNUSED_VARIABLE = YES;
				IPHONEOS_DEPLOYMENT_TARGET = 17.0;
				LOCALIZATION_PREFERS_STRING_CATALOGS = YES;
				MTL_ENABLE_DEBUG_INFO = NO;
				MTL_FAST_MATH = YES;
				SDKROOT = iphoneos;
				SWIFT_COMPILATION_MODE = wholemodule;
				VALIDATE_PRODUCT = YES;
			};
			name = Release;
		};
		D6E26EDB2B11037D0095DEEA /* Debug */ = {
			isa = XCBuildConfiguration;
			buildSettings = {
				ASSETCATALOG_COMPILER_APPICON_NAME = AppIcon;
				ASSETCATALOG_COMPILER_GLOBAL_ACCENT_COLOR_NAME = AccentColor;
				CODE_SIGN_STYLE = Automatic;
				CURRENT_PROJECT_VERSION = 1;
				DEVELOPMENT_ASSET_PATHS = "\"Celebrus_Assessment/Preview Content\"";
				ENABLE_PREVIEWS = YES;
				GENERATE_INFOPLIST_FILE = YES;
				INFOPLIST_KEY_UIApplicationSceneManifest_Generation = YES;
				INFOPLIST_KEY_UIApplicationSupportsIndirectInputEvents = YES;
				INFOPLIST_KEY_UILaunchScreen_Generation = YES;
				INFOPLIST_KEY_UISupportedInterfaceOrientations_iPad = "UIInterfaceOrientationPortrait UIInterfaceOrientationPortraitUpsideDown UIInterfaceOrientationLandscapeLeft UIInterfaceOrientationLandscapeRight";
				INFOPLIST_KEY_UISupportedInterfaceOrientations_iPhone = "UIInterfaceOrientationPortrait UIInterfaceOrientationLandscapeLeft UIInterfaceOrientationLandscapeRight";
				LD_RUNPATH_SEARCH_PATHS = (
					"$(inherited)",
					"@executable_path/Frameworks",
				);
				MARKETING_VERSION = 1.0;
				PRODUCT_BUNDLE_IDENTIFIER = "com.taijaun.Celebrus-Assessment";
				PRODUCT_NAME = "$(TARGET_NAME)";
				SWIFT_EMIT_LOC_STRINGS = YES;
				SWIFT_VERSION = 5.0;
				TARGETED_DEVICE_FAMILY = "1,2";
			};
			name = Debug;
		};
		D6E26EDC2B11037D0095DEEA /* Release */ = {
			isa = XCBuildConfiguration;
			buildSettings = {
				ASSETCATALOG_COMPILER_APPICON_NAME = AppIcon;
				ASSETCATALOG_COMPILER_GLOBAL_ACCENT_COLOR_NAME = AccentColor;
				CODE_SIGN_STYLE = Automatic;
				CURRENT_PROJECT_VERSION = 1;
				DEVELOPMENT_ASSET_PATHS = "\"Celebrus_Assessment/Preview Content\"";
				ENABLE_PREVIEWS = YES;
				GENERATE_INFOPLIST_FILE = YES;
				INFOPLIST_KEY_UIApplicationSceneManifest_Generation = YES;
				INFOPLIST_KEY_UIApplicationSupportsIndirectInputEvents = YES;
				INFOPLIST_KEY_UILaunchScreen_Generation = YES;
				INFOPLIST_KEY_UISupportedInterfaceOrientations_iPad = "UIInterfaceOrientationPortrait UIInterfaceOrientationPortraitUpsideDown UIInterfaceOrientationLandscapeLeft UIInterfaceOrientationLandscapeRight";
				INFOPLIST_KEY_UISupportedInterfaceOrientations_iPhone = "UIInterfaceOrientationPortrait UIInterfaceOrientationLandscapeLeft UIInterfaceOrientationLandscapeRight";
				LD_RUNPATH_SEARCH_PATHS = (
					"$(inherited)",
					"@executable_path/Frameworks",
				);
				MARKETING_VERSION = 1.0;
				PRODUCT_BUNDLE_IDENTIFIER = "com.taijaun.Celebrus-Assessment";
				PRODUCT_NAME = "$(TARGET_NAME)";
				SWIFT_EMIT_LOC_STRINGS = YES;
				SWIFT_VERSION = 5.0;
				TARGETED_DEVICE_FAMILY = "1,2";
			};
			name = Release;
		};
		D6E26EDE2B11037D0095DEEA /* Debug */ = {
			isa = XCBuildConfiguration;
			buildSettings = {
				ALWAYS_EMBED_SWIFT_STANDARD_LIBRARIES = YES;
				BUNDLE_LOADER = "$(TEST_HOST)";
				CODE_SIGN_STYLE = Automatic;
				CURRENT_PROJECT_VERSION = 1;
				GENERATE_INFOPLIST_FILE = YES;
				IPHONEOS_DEPLOYMENT_TARGET = 17.0;
				MARKETING_VERSION = 1.0;
				PRODUCT_BUNDLE_IDENTIFIER = "com.taijaun.Celebrus-AssessmentTests";
				PRODUCT_NAME = "$(TARGET_NAME)";
				SWIFT_EMIT_LOC_STRINGS = NO;
				SWIFT_VERSION = 5.0;
				TARGETED_DEVICE_FAMILY = "1,2";
				TEST_HOST = "$(BUILT_PRODUCTS_DIR)/Celebrus_Assessment.app/$(BUNDLE_EXECUTABLE_FOLDER_PATH)/Celebrus_Assessment";
			};
			name = Debug;
		};
		D6E26EDF2B11037D0095DEEA /* Release */ = {
			isa = XCBuildConfiguration;
			buildSettings = {
				ALWAYS_EMBED_SWIFT_STANDARD_LIBRARIES = YES;
				BUNDLE_LOADER = "$(TEST_HOST)";
				CODE_SIGN_STYLE = Automatic;
				CURRENT_PROJECT_VERSION = 1;
				GENERATE_INFOPLIST_FILE = YES;
				IPHONEOS_DEPLOYMENT_TARGET = 17.0;
				MARKETING_VERSION = 1.0;
				PRODUCT_BUNDLE_IDENTIFIER = "com.taijaun.Celebrus-AssessmentTests";
				PRODUCT_NAME = "$(TARGET_NAME)";
				SWIFT_EMIT_LOC_STRINGS = NO;
				SWIFT_VERSION = 5.0;
				TARGETED_DEVICE_FAMILY = "1,2";
				TEST_HOST = "$(BUILT_PRODUCTS_DIR)/Celebrus_Assessment.app/$(BUNDLE_EXECUTABLE_FOLDER_PATH)/Celebrus_Assessment";
			};
			name = Release;
		};
		D6E26EE12B11037D0095DEEA /* Debug */ = {
			isa = XCBuildConfiguration;
			buildSettings = {
				ALWAYS_EMBED_SWIFT_STANDARD_LIBRARIES = YES;
				CODE_SIGN_STYLE = Automatic;
				CURRENT_PROJECT_VERSION = 1;
				GENERATE_INFOPLIST_FILE = YES;
				MARKETING_VERSION = 1.0;
				PRODUCT_BUNDLE_IDENTIFIER = "com.taijaun.Celebrus-AssessmentUITests";
				PRODUCT_NAME = "$(TARGET_NAME)";
				SWIFT_EMIT_LOC_STRINGS = NO;
				SWIFT_VERSION = 5.0;
				TARGETED_DEVICE_FAMILY = "1,2";
				TEST_TARGET_NAME = Celebrus_Assessment;
			};
			name = Debug;
		};
		D6E26EE22B11037D0095DEEA /* Release */ = {
			isa = XCBuildConfiguration;
			buildSettings = {
				ALWAYS_EMBED_SWIFT_STANDARD_LIBRARIES = YES;
				CODE_SIGN_STYLE = Automatic;
				CURRENT_PROJECT_VERSION = 1;
				GENERATE_INFOPLIST_FILE = YES;
				MARKETING_VERSION = 1.0;
				PRODUCT_BUNDLE_IDENTIFIER = "com.taijaun.Celebrus-AssessmentUITests";
				PRODUCT_NAME = "$(TARGET_NAME)";
				SWIFT_EMIT_LOC_STRINGS = NO;
				SWIFT_VERSION = 5.0;
				TARGETED_DEVICE_FAMILY = "1,2";
				TEST_TARGET_NAME = Celebrus_Assessment;
			};
			name = Release;
		};
/* End XCBuildConfiguration section */

/* Begin XCConfigurationList section */
		D6E26EB12B11037C0095DEEA /* Build configuration list for PBXProject "Celebrus_Assessment" */ = {
			isa = XCConfigurationList;
			buildConfigurations = (
				D6E26ED82B11037D0095DEEA /* Debug */,
				D6E26ED92B11037D0095DEEA /* Release */,
			);
			defaultConfigurationIsVisible = 0;
			defaultConfigurationName = Release;
		};
		D6E26EDA2B11037D0095DEEA /* Build configuration list for PBXNativeTarget "Celebrus_Assessment" */ = {
			isa = XCConfigurationList;
			buildConfigurations = (
				D6E26EDB2B11037D0095DEEA /* Debug */,
				D6E26EDC2B11037D0095DEEA /* Release */,
			);
			defaultConfigurationIsVisible = 0;
			defaultConfigurationName = Release;
		};
		D6E26EDD2B11037D0095DEEA /* Build configuration list for PBXNativeTarget "Celebrus_AssessmentTests" */ = {
			isa = XCConfigurationList;
			buildConfigurations = (
				D6E26EDE2B11037D0095DEEA /* Debug */,
				D6E26EDF2B11037D0095DEEA /* Release */,
			);
			defaultConfigurationIsVisible = 0;
			defaultConfigurationName = Release;
		};
		D6E26EE02B11037D0095DEEA /* Build configuration list for PBXNativeTarget "Celebrus_AssessmentUITests" */ = {
			isa = XCConfigurationList;
			buildConfigurations = (
				D6E26EE12B11037D0095DEEA /* Debug */,
				D6E26EE22B11037D0095DEEA /* Release */,
			);
			defaultConfigurationIsVisible = 0;
			defaultConfigurationName = Release;
		};
/* End XCConfigurationList section */
	};
	rootObject = D6E26EAE2B11037C0095DEEA /* Project object */;
}
